{
  "requires": true,
  "lockfileVersion": 1,
  "dependencies": {
    "hotkeys-js": {
      "version": "3.3.8",
      "resolved": "https://registry.npmjs.org/hotkeys-js/-/hotkeys-js-3.3.8.tgz",
      "integrity": "sha512-bRQQQ+wga5JZW5gqUP/B3NJTpOumGie3w5HvjfBW15PrE7agFe5Bewj5RdJSHa2zoeRLHV2OTK1+dNk+i9H1lA=="
    },
    "jquery": {
      "version": "3.3.1",
      "resolved": "https://registry.npmjs.org/jquery/-/jquery-3.3.1.tgz",
      "integrity": "sha512-Ubldcmxp5np52/ENotGxlLe6aGMvmF4R8S6tZjsP6Knsaxd/xp3Zrh50cG93lR6nPXyUFwzN3ZSOQI0wRJNdGg=="
    }
  }
}
